
Microsoft Visual Studio Solution File, Format Version 12.00
# Visual Studio Version 17
VisualStudioVersion = 17.4.33213.308
MinimumVisualStudioVersion = 10.0.40219.1
Project("{FAE04EC0-301F-11D3-BF4B-00C04F79EFBC}") = "FormattingStrings", "FormattingStrings.csproj", "{079B8453-499F-402A-A42B-552B54F7F9A6}"
EndProject
Global
	GlobalSection(SolutionConfigurationPlatforms) = preSolution
		Debug|Any CPU = Debug|Any CPU
		Release|Any CPU = Release|Any CPU
	EndGlobalSection
	GlobalSection(ProjectConfigurationPlatforms) = postSolution
		{079B8453-499F-402A-A42B-552B54F7F9A6}.Debug|Any CPU.ActiveCfg = Debug|Any CPU
		{079B8453-499F-402A-A42B-552B54F7F9A6}.Debug|Any CPU.Build.0 = Debug|Any CPU
		{079B8453-499F-402A-A42B-552B54F7F9A6}.Release|Any CPU.ActiveCfg = Release|Any CPU
		{079B8453-499F-402A-A42B-552B54F7F9A6}.Release|Any CPU.Build.0 = Release|Any CPU
	EndGlobalSection
	GlobalSection(SolutionProperties) = preSolution
		HideSolutionNode = FALSE
	EndGlobalSection
	GlobalSection(ExtensibilityGlobals) = postSolution
		SolutionGuid = {1331D42A-21E4-4A5A-AB21-7411396D11B5}
	EndGlobalSection
EndGlobal
