
Microsoft Visual Studio Solution File, Format Version 12.00
# Visual Studio Version 17
VisualStudioVersion = 17.4.33213.308
MinimumVisualStudioVersion = 10.0.40219.1
Project("{FAE04EC0-301F-11D3-BF4B-00C04F79EFBC}") = "StringEscapeSequences", "StringEscapeSequences.csproj", "{2385B914-DCFF-4D11-831B-D2F8990BE9AE}"
EndProject
Global
	GlobalSection(SolutionConfigurationPlatforms) = preSolution
		Debug|Any CPU = Debug|Any CPU
		Release|Any CPU = Release|Any CPU
	EndGlobalSection
	GlobalSection(ProjectConfigurationPlatforms) = postSolution
		{2385B914-DCFF-4D11-831B-D2F8990BE9AE}.Debug|Any CPU.ActiveCfg = Debug|Any CPU
		{2385B914-DCFF-4D11-831B-D2F8990BE9AE}.Debug|Any CPU.Build.0 = Debug|Any CPU
		{2385B914-DCFF-4D11-831B-D2F8990BE9AE}.Release|Any CPU.ActiveCfg = Release|Any CPU
		{2385B914-DCFF-4D11-831B-D2F8990BE9AE}.Release|Any CPU.Build.0 = Release|Any CPU
	EndGlobalSection
	GlobalSection(SolutionProperties) = preSolution
		HideSolutionNode = FALSE
	EndGlobalSection
	GlobalSection(ExtensibilityGlobals) = postSolution
		SolutionGuid = {5CB73A7F-F522-4AA7-AA36-A1B16B68DBC6}
	EndGlobalSection
EndGlobal
